
Microsoft Visual Studio Solution File, Format Version 12.00
# Visual Studio 2013
VisualStudioVersion = 12.0.30501.0
MinimumVisualStudioVersion = 10.0.40219.1
Project("{FAE04EC0-301F-11D3-BF4B-00C04F79EFBC}") = "CheckSumTest", "CheckSumTest\CheckSumTest.csproj", "{341E7E30-5C26-4352-BAA0-D6FEFFEE9A4C}"
EndProject
Project("{FAE04EC0-301F-11D3-BF4B-00C04F79EFBC}") = "CheckSum", "CheckSum\CheckSum.csproj", "{E2C08700-26D3-45E9-85D2-1D5AB647BBAF}"
EndProject
Project("{2150E333-8FDC-42A3-9474-1A3956D46DE8}") = "Solution Items", "Solution Items", "{E218A85E-6129-41DF-81F3-314919A632C9}"
	ProjectSection(SolutionItems) = preProject
		CheckSum\AssemblyDependencies.dgml = CheckSum\AssemblyDependencies.dgml
	EndProjectSection
EndProject
Global
	GlobalSection(SolutionConfigurationPlatforms) = preSolution
		Debug|Any CPU = Debug|Any CPU
		Release|Any CPU = Release|Any CPU
	EndGlobalSection
	GlobalSection(ProjectConfigurationPlatforms) = postSolution
		{341E7E30-5C26-4352-BAA0-D6FEFFEE9A4C}.Debug|Any CPU.ActiveCfg = Debug|Any CPU
		{341E7E30-5C26-4352-BAA0-D6FEFFEE9A4C}.Debug|Any CPU.Build.0 = Debug|Any CPU
		{341E7E30-5C26-4352-BAA0-D6FEFFEE9A4C}.Release|Any CPU.ActiveCfg = Release|Any CPU
		{341E7E30-5C26-4352-BAA0-D6FEFFEE9A4C}.Release|Any CPU.Build.0 = Release|Any CPU
		{E2C08700-26D3-45E9-85D2-1D5AB647BBAF}.Debug|Any CPU.ActiveCfg = Debug|Any CPU
		{E2C08700-26D3-45E9-85D2-1D5AB647BBAF}.Debug|Any CPU.Build.0 = Debug|Any CPU
		{E2C08700-26D3-45E9-85D2-1D5AB647BBAF}.Release|Any CPU.ActiveCfg = Release|Any CPU
		{E2C08700-26D3-45E9-85D2-1D5AB647BBAF}.Release|Any CPU.Build.0 = Release|Any CPU
	EndGlobalSection
	GlobalSection(SolutionProperties) = preSolution
		HideSolutionNode = FALSE
	EndGlobalSection
EndGlobal
